
Microsoft Visual Studio Solution File, Format Version 12.00
# Visual Studio 15
VisualStudioVersion = 15.0.26730.16
MinimumVisualStudioVersion = 10.0.40219.1
Project("{FAE04EC0-301F-11D3-BF4B-00C04F79EFBC}") = "App2.Android", "App2\App2.Android\App2.Android.csproj", "{FAB5327D-A250-4399-849E-AC469C6C1911}"
EndProject
Project("{FAE04EC0-301F-11D3-BF4B-00C04F79EFBC}") = "App2", "App2\App2\App2.csproj", "{ADF3FF6E-5626-46ED-870B-17AA2E33BD4F}"
EndProject
Project("{FAE04EC0-301F-11D3-BF4B-00C04F79EFBC}") = "App2.UWP", "App2\App2.UWP\App2.UWP.csproj", "{AE2FC184-EE68-4606-97D5-200EA12E8674}"
EndProject
Project("{FAE04EC0-301F-11D3-BF4B-00C04F79EFBC}") = "App2.iOS", "App2\App2.iOS\App2.iOS.csproj", "{F332B724-FC43-4D6A-9D93-2485E0FDFE2F}"
EndProject
Global
	GlobalSection(SolutionConfigurationPlatforms) = preSolution
		Ad-Hoc|Any CPU = Ad-Hoc|Any CPU
		Ad-Hoc|ARM = Ad-Hoc|ARM
		Ad-Hoc|iPhone = Ad-Hoc|iPhone
		Ad-Hoc|iPhoneSimulator = Ad-Hoc|iPhoneSimulator
		Ad-Hoc|x64 = Ad-Hoc|x64
		Ad-Hoc|x86 = Ad-Hoc|x86
		AppStore|Any CPU = AppStore|Any CPU
		AppStore|ARM = AppStore|ARM
		AppStore|iPhone = AppStore|iPhone
		AppStore|iPhoneSimulator = AppStore|iPhoneSimulator
		AppStore|x64 = AppStore|x64
		AppStore|x86 = AppStore|x86
		Debug|Any CPU = Debug|Any CPU
		Debug|ARM = Debug|ARM
		Debug|iPhone = Debug|iPhone
		Debug|iPhoneSimulator = Debug|iPhoneSimulator
		Debug|x64 = Debug|x64
		Debug|x86 = Debug|x86
		Release|Any CPU = Release|Any CPU
		Release|ARM = Release|ARM
		Release|iPhone = Release|iPhone
		Release|iPhoneSimulator = Release|iPhoneSimulator
		Release|x64 = Release|x64
		Release|x86 = Release|x86
	EndGlobalSection
	GlobalSection(ProjectConfigurationPlatforms) = postSolution
		{FAB5327D-A250-4399-849E-AC469C6C1911}.Ad-Hoc|Any CPU.ActiveCfg = Release|Any CPU
		{FAB5327D-A250-4399-849E-AC469C6C1911}.Ad-Hoc|Any CPU.Build.0 = Release|Any CPU
		{FAB5327D-A250-4399-849E-AC469C6C1911}.Ad-Hoc|Any CPU.Deploy.0 = Release|Any CPU
		{FAB5327D-A250-4399-849E-AC469C6C1911}.Ad-Hoc|ARM.ActiveCfg = Release|Any CPU
		{FAB5327D-A250-4399-849E-AC469C6C1911}.Ad-Hoc|ARM.Build.0 = Release|Any CPU
		{FAB5327D-A250-4399-849E-AC469C6C1911}.Ad-Hoc|ARM.Deploy.0 = Release|Any CPU
		{FAB5327D-A250-4399-849E-AC469C6C1911}.Ad-Hoc|iPhone.ActiveCfg = Release|Any CPU
		{FAB5327D-A250-4399-849E-AC469C6C1911}.Ad-Hoc|iPhone.Build.0 = Release|Any CPU
		{FAB5327D-A250-4399-849E-AC469C6C1911}.Ad-Hoc|iPhone.Deploy.0 = Release|Any CPU
		{FAB5327D-A250-4399-849E-AC469C6C1911}.Ad-Hoc|iPhoneSimulator.ActiveCfg = Release|Any CPU
		{FAB5327D-A250-4399-849E-AC469C6C1911}.Ad-Hoc|iPhoneSimulator.Build.0 = Release|Any CPU
		{FAB5327D-A250-4399-849E-AC469C6C1911}.Ad-Hoc|iPhoneSimulator.Deploy.0 = Release|Any CPU
		{FAB5327D-A250-4399-849E-AC469C6C1911}.Ad-Hoc|x64.ActiveCfg = Release|Any CPU
		{FAB5327D-A250-4399-849E-AC469C6C1911}.Ad-Hoc|x64.Build.0 = Release|Any CPU
		{FAB5327D-A250-4399-849E-AC469C6C1911}.Ad-Hoc|x64.Deploy.0 = Release|Any CPU
		{FAB5327D-A250-4399-849E-AC469C6C1911}.Ad-Hoc|x86.ActiveCfg = Release|Any CPU
		{FAB5327D-A250-4399-849E-AC469C6C1911}.Ad-Hoc|x86.Build.0 = Release|Any CPU
		{FAB5327D-A250-4399-849E-AC469C6C1911}.Ad-Hoc|x86.Deploy.0 = Release|Any CPU
		{FAB5327D-A250-4399-849E-AC469C6C1911}.AppStore|Any CPU.ActiveCfg = Release|Any CPU
		{FAB5327D-A250-4399-849E-AC469C6C1911}.AppStore|Any CPU.Build.0 = Release|Any CPU
		{FAB5327D-A250-4399-849E-AC469C6C1911}.AppStore|Any CPU.Deploy.0 = Release|Any CPU
		{FAB5327D-A250-4399-849E-AC469C6C1911}.AppStore|ARM.ActiveCfg = Release|Any CPU
		{FAB5327D-A250-4399-849E-AC469C6C1911}.AppStore|ARM.Build.0 = Release|Any CPU
		{FAB5327D-A250-4399-849E-AC469C6C1911}.AppStore|ARM.Deploy.0 = Release|Any CPU
		{FAB5327D-A250-4399-849E-AC469C6C1911}.AppStore|iPhone.ActiveCfg = Release|Any CPU
		{FAB5327D-A250-4399-849E-AC469C6C1911}.AppStore|iPhone.Build.0 = Release|Any CPU
		{FAB5327D-A250-4399-849E-AC469C6C1911}.AppStore|iPhone.Deploy.0 = Release|Any CPU
		{FAB5327D-A250-4399-849E-AC469C6C1911}.AppStore|iPhoneSimulator.ActiveCfg = Release|Any CPU
		{FAB5327D-A250-4399-849E-AC469C6C1911}.AppStore|iPhoneSimulator.Build.0 = Release|Any CPU
		{FAB5327D-A250-4399-849E-AC469C6C1911}.AppStore|iPhoneSimulator.Deploy.0 = Release|Any CPU
		{FAB5327D-A250-4399-849E-AC469C6C1911}.AppStore|x64.ActiveCfg = Release|Any CPU
		{FAB5327D-A250-4399-849E-AC469C6C1911}.AppStore|x64.Build.0 = Release|Any CPU
		{FAB5327D-A250-4399-849E-AC469C6C1911}.AppStore|x64.Deploy.0 = Release|Any CPU
		{FAB5327D-A250-4399-849E-AC469C6C1911}.AppStore|x86.ActiveCfg = Release|Any CPU
		{FAB5327D-A250-4399-849E-AC469C6C1911}.AppStore|x86.Build.0 = Release|Any CPU
		{FAB5327D-A250-4399-849E-AC469C6C1911}.AppStore|x86.Deploy.0 = Release|Any CPU
		{FAB5327D-A250-4399-849E-AC469C6C1911}.Debug|Any CPU.ActiveCfg = Debug|Any CPU
		{FAB5327D-A250-4399-849E-AC469C6C1911}.Debug|Any CPU.Build.0 = Debug|Any CPU
		{FAB5327D-A250-4399-849E-AC469C6C1911}.Debug|Any CPU.Deploy.0 = Debug|Any CPU
		{FAB5327D-A250-4399-849E-AC469C6C1911}.Debug|ARM.ActiveCfg = Debug|Any CPU
		{FAB5327D-A250-4399-849E-AC469C6C1911}.Debug|ARM.Build.0 = Debug|Any CPU
		{FAB5327D-A250-4399-849E-AC469C6C1911}.Debug|ARM.Deploy.0 = Debug|Any CPU
		{FAB5327D-A250-4399-849E-AC469C6C1911}.Debug|iPhone.ActiveCfg = Debug|Any CPU
		{FAB5327D-A250-4399-849E-AC469C6C1911}.Debug|iPhone.Build.0 = Debug|Any CPU
		{FAB5327D-A250-4399-849E-AC469C6C1911}.Debug|iPhone.Deploy.0 = Debug|Any CPU
		{FAB5327D-A250-4399-849E-AC469C6C1911}.Debug|iPhoneSimulator.ActiveCfg = Debug|Any CPU
		{FAB5327D-A250-4399-849E-AC469C6C1911}.Debug|iPhoneSimulator.Build.0 = Debug|Any CPU
		{FAB5327D-A250-4399-849E-AC469C6C1911}.Debug|iPhoneSimulator.Deploy.0 = Debug|Any CPU
		{FAB5327D-A250-4399-849E-AC469C6C1911}.Debug|x64.ActiveCfg = Debug|Any CPU
		{FAB5327D-A250-4399-849E-AC469C6C1911}.Debug|x64.Build.0 = Debug|Any CPU
		{FAB5327D-A250-4399-849E-AC469C6C1911}.Debug|x64.Deploy.0 = Debug|Any CPU
		{FAB5327D-A250-4399-849E-AC469C6C1911}.Debug|x86.ActiveCfg = Debug|Any CPU
		{FAB5327D-A250-4399-849E-AC469C6C1911}.Debug|x86.Build.0 = Debug|Any CPU
		{FAB5327D-A250-4399-849E-AC469C6C1911}.Debug|x86.Deploy.0 = Debug|Any CPU
		{FAB5327D-A250-4399-849E-AC469C6C1911}.Release|Any CPU.ActiveCfg = Release|Any CPU
		{FAB5327D-A250-4399-849E-AC469C6C1911}.Release|Any CPU.Build.0 = Release|Any CPU
		{FAB5327D-A250-4399-849E-AC469C6C1911}.Release|Any CPU.Deploy.0 = Release|Any CPU
		{FAB5327D-A250-4399-849E-AC469C6C1911}.Release|ARM.ActiveCfg = Release|Any CPU
		{FAB5327D-A250-4399-849E-AC469C6C1911}.Release|ARM.Build.0 = Release|Any CPU
		{FAB5327D-A250-4399-849E-AC469C6C1911}.Release|ARM.Deploy.0 = Release|Any CPU
		{FAB5327D-A250-4399-849E-AC469C6C1911}.Release|iPhone.ActiveCfg = Release|Any CPU
		{FAB5327D-A250-4399-849E-AC469C6C1911}.Release|iPhone.Build.0 = Release|Any CPU
		{FAB5327D-A250-4399-849E-AC469C6C1911}.Release|iPhone.Deploy.0 = Release|Any CPU
		{FAB5327D-A250-4399-849E-AC469C6C1911}.Release|iPhoneSimulator.ActiveCfg = Release|Any CPU
		{FAB5327D-A250-4399-849E-AC469C6C1911}.Release|iPhoneSimulator.Build.0 = Release|Any CPU
		{FAB5327D-A250-4399-849E-AC469C6C1911}.Release|iPhoneSimulator.Deploy.0 = Release|Any CPU
		{FAB5327D-A250-4399-849E-AC469C6C1911}.Release|x64.ActiveCfg = Release|Any CPU
		{FAB5327D-A250-4399-849E-AC469C6C1911}.Release|x64.Build.0 = Release|Any CPU
		{FAB5327D-A250-4399-849E-AC469C6C1911}.Release|x64.Deploy.0 = Release|Any CPU
		{FAB5327D-A250-4399-849E-AC469C6C1911}.Release|x86.ActiveCfg = Release|Any CPU
		{FAB5327D-A250-4399-849E-AC469C6C1911}.Release|x86.Build.0 = Release|Any CPU
		{FAB5327D-A250-4399-849E-AC469C6C1911}.Release|x86.Deploy.0 = Release|Any CPU
		{ADF3FF6E-5626-46ED-870B-17AA2E33BD4F}.Ad-Hoc|Any CPU.ActiveCfg = Release|Any CPU
		{ADF3FF6E-5626-46ED-870B-17AA2E33BD4F}.Ad-Hoc|Any CPU.Build.0 = Release|Any CPU
		{ADF3FF6E-5626-46ED-870B-17AA2E33BD4F}.Ad-Hoc|ARM.ActiveCfg = Release|Any CPU
		{ADF3FF6E-5626-46ED-870B-17AA2E33BD4F}.Ad-Hoc|ARM.Build.0 = Release|Any CPU
		{ADF3FF6E-5626-46ED-870B-17AA2E33BD4F}.Ad-Hoc|iPhone.ActiveCfg = Release|Any CPU
		{ADF3FF6E-5626-46ED-870B-17AA2E33BD4F}.Ad-Hoc|iPhone.Build.0 = Release|Any CPU
		{ADF3FF6E-5626-46ED-870B-17AA2E33BD4F}.Ad-Hoc|iPhoneSimulator.ActiveCfg = Release|Any CPU
		{ADF3FF6E-5626-46ED-870B-17AA2E33BD4F}.Ad-Hoc|iPhoneSimulator.Build.0 = Release|Any CPU
		{ADF3FF6E-5626-46ED-870B-17AA2E33BD4F}.Ad-Hoc|x64.ActiveCfg = Release|Any CPU
		{ADF3FF6E-5626-46ED-870B-17AA2E33BD4F}.Ad-Hoc|x64.Build.0 = Release|Any CPU
		{ADF3FF6E-5626-46ED-870B-17AA2E33BD4F}.Ad-Hoc|x86.ActiveCfg = Release|Any CPU
		{ADF3FF6E-5626-46ED-870B-17AA2E33BD4F}.Ad-Hoc|x86.Build.0 = Release|Any CPU
		{ADF3FF6E-5626-46ED-870B-17AA2E33BD4F}.AppStore|Any CPU.ActiveCfg = Release|Any CPU
		{ADF3FF6E-5626-46ED-870B-17AA2E33BD4F}.AppStore|Any CPU.Build.0 = Release|Any CPU
		{ADF3FF6E-5626-46ED-870B-17AA2E33BD4F}.AppStore|ARM.ActiveCfg = Release|Any CPU
		{ADF3FF6E-5626-46ED-870B-17AA2E33BD4F}.AppStore|ARM.Build.0 = Release|Any CPU
		{ADF3FF6E-5626-46ED-870B-17AA2E33BD4F}.AppStore|iPhone.ActiveCfg = Release|Any CPU
		{ADF3FF6E-5626-46ED-870B-17AA2E33BD4F}.AppStore|iPhone.Build.0 = Release|Any CPU
		{ADF3FF6E-5626-46ED-870B-17AA2E33BD4F}.AppStore|iPhoneSimulator.ActiveCfg = Release|Any CPU
		{ADF3FF6E-5626-46ED-870B-17AA2E33BD4F}.AppStore|iPhoneSimulator.Build.0 = Release|Any CPU
		{ADF3FF6E-5626-46ED-870B-17AA2E33BD4F}.AppStore|x64.ActiveCfg = Release|Any CPU
		{ADF3FF6E-5626-46ED-870B-17AA2E33BD4F}.AppStore|x64.Build.0 = Release|Any CPU
		{ADF3FF6E-5626-46ED-870B-17AA2E33BD4F}.AppStore|x86.ActiveCfg = Release|Any CPU
		{ADF3FF6E-5626-46ED-870B-17AA2E33BD4F}.AppStore|x86.Build.0 = Release|Any CPU
		{ADF3FF6E-5626-46ED-870B-17AA2E33BD4F}.Debug|Any CPU.ActiveCfg = Debug|Any CPU
		{ADF3FF6E-5626-46ED-870B-17AA2E33BD4F}.Debug|Any CPU.Build.0 = Debug|Any CPU
		{ADF3FF6E-5626-46ED-870B-17AA2E33BD4F}.Debug|ARM.ActiveCfg = Debug|Any CPU
		{ADF3FF6E-5626-46ED-870B-17AA2E33BD4F}.Debug|ARM.Build.0 = Debug|Any CPU
		{ADF3FF6E-5626-46ED-870B-17AA2E33BD4F}.Debug|iPhone.ActiveCfg = Debug|Any CPU
		{ADF3FF6E-5626-46ED-870B-17AA2E33BD4F}.Debug|iPhone.Build.0 = Debug|Any CPU
		{ADF3FF6E-5626-46ED-870B-17AA2E33BD4F}.Debug|iPhoneSimulator.ActiveCfg = Debug|Any CPU
		{ADF3FF6E-5626-46ED-870B-17AA2E33BD4F}.Debug|iPhoneSimulator.Build.0 = Debug|Any CPU
		{ADF3FF6E-5626-46ED-870B-17AA2E33BD4F}.Debug|x64.ActiveCfg = Debug|Any CPU
		{ADF3FF6E-5626-46ED-870B-17AA2E33BD4F}.Debug|x64.Build.0 = Debug|Any CPU
		{ADF3FF6E-5626-46ED-870B-17AA2E33BD4F}.Debug|x86.ActiveCfg = Debug|Any CPU
		{ADF3FF6E-5626-46ED-870B-17AA2E33BD4F}.Debug|x86.Build.0 = Debug|Any CPU
		{ADF3FF6E-5626-46ED-870B-17AA2E33BD4F}.Release|Any CPU.ActiveCfg = Release|Any CPU
		{ADF3FF6E-5626-46ED-870B-17AA2E33BD4F}.Release|Any CPU.Build.0 = Release|Any CPU
		{ADF3FF6E-5626-46ED-870B-17AA2E33BD4F}.Release|ARM.ActiveCfg = Release|Any CPU
		{ADF3FF6E-5626-46ED-870B-17AA2E33BD4F}.Release|ARM.Build.0 = Release|Any CPU
		{ADF3FF6E-5626-46ED-870B-17AA2E33BD4F}.Release|iPhone.ActiveCfg = Release|Any CPU
		{ADF3FF6E-5626-46ED-870B-17AA2E33BD4F}.Release|iPhone.Build.0 = Release|Any CPU
		{ADF3FF6E-5626-46ED-870B-17AA2E33BD4F}.Release|iPhoneSimulator.ActiveCfg = Release|Any CPU
		{ADF3FF6E-5626-46ED-870B-17AA2E33BD4F}.Release|iPhoneSimulator.Build.0 = Release|Any CPU
		{ADF3FF6E-5626-46ED-870B-17AA2E33BD4F}.Release|x64.ActiveCfg = Release|Any CPU
		{ADF3FF6E-5626-46ED-870B-17AA2E33BD4F}.Release|x64.Build.0 = Release|Any CPU
		{ADF3FF6E-5626-46ED-870B-17AA2E33BD4F}.Release|x86.ActiveCfg = Release|Any CPU
		{ADF3FF6E-5626-46ED-870B-17AA2E33BD4F}.Release|x86.Build.0 = Release|Any CPU
		{AE2FC184-EE68-4606-97D5-200EA12E8674}.Ad-Hoc|Any CPU.ActiveCfg = Release|x86
		{AE2FC184-EE68-4606-97D5-200EA12E8674}.Ad-Hoc|Any CPU.Build.0 = Release|x86
		{AE2FC184-EE68-4606-97D5-200EA12E8674}.Ad-Hoc|Any CPU.Deploy.0 = Release|x86
		{AE2FC184-EE68-4606-97D5-200EA12E8674}.Ad-Hoc|ARM.ActiveCfg = Release|ARM
		{AE2FC184-EE68-4606-97D5-200EA12E8674}.Ad-Hoc|ARM.Build.0 = Release|ARM
		{AE2FC184-EE68-4606-97D5-200EA12E8674}.Ad-Hoc|ARM.Deploy.0 = Release|ARM
		{AE2FC184-EE68-4606-97D5-200EA12E8674}.Ad-Hoc|iPhone.ActiveCfg = Release|x86
		{AE2FC184-EE68-4606-97D5-200EA12E8674}.Ad-Hoc|iPhone.Build.0 = Release|x86
		{AE2FC184-EE68-4606-97D5-200EA12E8674}.Ad-Hoc|iPhone.Deploy.0 = Release|x86
		{AE2FC184-EE68-4606-97D5-200EA12E8674}.Ad-Hoc|iPhoneSimulator.ActiveCfg = Release|x86
		{AE2FC184-EE68-4606-97D5-200EA12E8674}.Ad-Hoc|iPhoneSimulator.Build.0 = Release|x86
		{AE2FC184-EE68-4606-97D5-200EA12E8674}.Ad-Hoc|iPhoneSimulator.Deploy.0 = Release|x86
		{AE2FC184-EE68-4606-97D5-200EA12E8674}.Ad-Hoc|x64.ActiveCfg = Release|x64
		{AE2FC184-EE68-4606-97D5-200EA12E8674}.Ad-Hoc|x64.Build.0 = Release|x64
		{AE2FC184-EE68-4606-97D5-200EA12E8674}.Ad-Hoc|x64.Deploy.0 = Release|x64
		{AE2FC184-EE68-4606-97D5-200EA12E8674}.Ad-Hoc|x86.ActiveCfg = Release|x86
		{AE2FC184-EE68-4606-97D5-200EA12E8674}.Ad-Hoc|x86.Build.0 = Release|x86
		{AE2FC184-EE68-4606-97D5-200EA12E8674}.Ad-Hoc|x86.Deploy.0 = Release|x86
		{AE2FC184-EE68-4606-97D5-200EA12E8674}.AppStore|Any CPU.ActiveCfg = Release|x86
		{AE2FC184-EE68-4606-97D5-200EA12E8674}.AppStore|Any CPU.Build.0 = Release|x86
		{AE2FC184-EE68-4606-97D5-200EA12E8674}.AppStore|Any CPU.Deploy.0 = Release|x86
		{AE2FC184-EE68-4606-97D5-200EA12E8674}.AppStore|ARM.ActiveCfg = Release|ARM
		{AE2FC184-EE68-4606-97D5-200EA12E8674}.AppStore|ARM.Build.0 = Release|ARM
		{AE2FC184-EE68-4606-97D5-200EA12E8674}.AppStore|ARM.Deploy.0 = Release|ARM
		{AE2FC184-EE68-4606-97D5-200EA12E8674}.AppStore|iPhone.ActiveCfg = Release|x86
		{AE2FC184-EE68-4606-97D5-200EA12E8674}.AppStore|iPhone.Build.0 = Release|x86
		{AE2FC184-EE68-4606-97D5-200EA12E8674}.AppStore|iPhone.Deploy.0 = Release|x86
		{AE2FC184-EE68-4606-97D5-200EA12E8674}.AppStore|iPhoneSimulator.ActiveCfg = Release|x86
		{AE2FC184-EE68-4606-97D5-200EA12E8674}.AppStore|iPhoneSimulator.Build.0 = Release|x86
		{AE2FC184-EE68-4606-97D5-200EA12E8674}.AppStore|iPhoneSimulator.Deploy.0 = Release|x86
		{AE2FC184-EE68-4606-97D5-200EA12E8674}.AppStore|x64.ActiveCfg = Release|x64
		{AE2FC184-EE68-4606-97D5-200EA12E8674}.AppStore|x64.Build.0 = Release|x64
		{AE2FC184-EE68-4606-97D5-200EA12E8674}.AppStore|x64.Deploy.0 = Release|x64
		{AE2FC184-EE68-4606-97D5-200EA12E8674}.AppStore|x86.ActiveCfg = Release|x86
		{AE2FC184-EE68-4606-97D5-200EA12E8674}.AppStore|x86.Build.0 = Release|x86
		{AE2FC184-EE68-4606-97D5-200EA12E8674}.AppStore|x86.Deploy.0 = Release|x86
		{AE2FC184-EE68-4606-97D5-200EA12E8674}.Debug|Any CPU.ActiveCfg = Debug|x86
		{AE2FC184-EE68-4606-97D5-200EA12E8674}.Debug|ARM.ActiveCfg = Debug|ARM
		{AE2FC184-EE68-4606-97D5-200EA12E8674}.Debug|ARM.Build.0 = Debug|ARM
		{AE2FC184-EE68-4606-97D5-200EA12E8674}.Debug|ARM.Deploy.0 = Debug|ARM
		{AE2FC184-EE68-4606-97D5-200EA12E8674}.Debug|iPhone.ActiveCfg = Debug|x86
		{AE2FC184-EE68-4606-97D5-200EA12E8674}.Debug|iPhoneSimulator.ActiveCfg = Debug|x86
		{AE2FC184-EE68-4606-97D5-200EA12E8674}.Debug|x64.ActiveCfg = Debug|x64
		{AE2FC184-EE68-4606-97D5-200EA12E8674}.Debug|x64.Build.0 = Debug|x64
		{AE2FC184-EE68-4606-97D5-200EA12E8674}.Debug|x64.Deploy.0 = Debug|x64
		{AE2FC184-EE68-4606-97D5-200EA12E8674}.Debug|x86.ActiveCfg = Debug|x86
		{AE2FC184-EE68-4606-97D5-200EA12E8674}.Debug|x86.Build.0 = Debug|x86
		{AE2FC184-EE68-4606-97D5-200EA12E8674}.Debug|x86.Deploy.0 = Debug|x86
		{AE2FC184-EE68-4606-97D5-200EA12E8674}.Release|Any CPU.ActiveCfg = Release|x86
		{AE2FC184-EE68-4606-97D5-200EA12E8674}.Release|ARM.ActiveCfg = Release|ARM
		{AE2FC184-EE68-4606-97D5-200EA12E8674}.Release|ARM.Build.0 = Release|ARM
		{AE2FC184-EE68-4606-97D5-200EA12E8674}.Release|ARM.Deploy.0 = Release|ARM
		{AE2FC184-EE68-4606-97D5-200EA12E8674}.Release|iPhone.ActiveCfg = Release|x86
		{AE2FC184-EE68-4606-97D5-200EA12E8674}.Release|iPhoneSimulator.ActiveCfg = Release|x86
		{AE2FC184-EE68-4606-97D5-200EA12E8674}.Release|x64.ActiveCfg = Release|x64
		{AE2FC184-EE68-4606-97D5-200EA12E8674}.Release|x64.Build.0 = Release|x64
		{AE2FC184-EE68-4606-97D5-200EA12E8674}.Release|x64.Deploy.0 = Release|x64
		{AE2FC184-EE68-4606-97D5-200EA12E8674}.Release|x86.ActiveCfg = Release|x86
		{AE2FC184-EE68-4606-97D5-200EA12E8674}.Release|x86.Build.0 = Release|x86
		{AE2FC184-EE68-4606-97D5-200EA12E8674}.Release|x86.Deploy.0 = Release|x86
		{F332B724-FC43-4D6A-9D93-2485E0FDFE2F}.Ad-Hoc|Any CPU.ActiveCfg = Ad-Hoc|iPhone
		{F332B724-FC43-4D6A-9D93-2485E0FDFE2F}.Ad-Hoc|ARM.ActiveCfg = Ad-Hoc|iPhone
		{F332B724-FC43-4D6A-9D93-2485E0FDFE2F}.Ad-Hoc|iPhone.ActiveCfg = Ad-Hoc|iPhone
		{F332B724-FC43-4D6A-9D93-2485E0FDFE2F}.Ad-Hoc|iPhone.Build.0 = Ad-Hoc|iPhone
		{F332B724-FC43-4D6A-9D93-2485E0FDFE2F}.Ad-Hoc|iPhoneSimulator.ActiveCfg = Ad-Hoc|iPhoneSimulator
		{F332B724-FC43-4D6A-9D93-2485E0FDFE2F}.Ad-Hoc|iPhoneSimulator.Build.0 = Ad-Hoc|iPhoneSimulator
		{F332B724-FC43-4D6A-9D93-2485E0FDFE2F}.Ad-Hoc|x64.ActiveCfg = Ad-Hoc|iPhone
		{F332B724-FC43-4D6A-9D93-2485E0FDFE2F}.Ad-Hoc|x86.ActiveCfg = Ad-Hoc|iPhone
		{F332B724-FC43-4D6A-9D93-2485E0FDFE2F}.AppStore|Any CPU.ActiveCfg = AppStore|iPhone
		{F332B724-FC43-4D6A-9D93-2485E0FDFE2F}.AppStore|ARM.ActiveCfg = AppStore|iPhone
		{F332B724-FC43-4D6A-9D93-2485E0FDFE2F}.AppStore|iPhone.ActiveCfg = AppStore|iPhone
		{F332B724-FC43-4D6A-9D93-2485E0FDFE2F}.AppStore|iPhone.Build.0 = AppStore|iPhone
		{F332B724-FC43-4D6A-9D93-2485E0FDFE2F}.AppStore|iPhoneSimulator.ActiveCfg = AppStore|iPhoneSimulator
		{F332B724-FC43-4D6A-9D93-2485E0FDFE2F}.AppStore|iPhoneSimulator.Build.0 = AppStore|iPhoneSimulator
		{F332B724-FC43-4D6A-9D93-2485E0FDFE2F}.AppStore|x64.ActiveCfg = AppStore|iPhone
		{F332B724-FC43-4D6A-9D93-2485E0FDFE2F}.AppStore|x86.ActiveCfg = AppStore|iPhone
		{F332B724-FC43-4D6A-9D93-2485E0FDFE2F}.Debug|Any CPU.ActiveCfg = Debug|iPhone
		{F332B724-FC43-4D6A-9D93-2485E0FDFE2F}.Debug|ARM.ActiveCfg = Debug|iPhone
		{F332B724-FC43-4D6A-9D93-2485E0FDFE2F}.Debug|iPhone.ActiveCfg = Debug|iPhone
		{F332B724-FC43-4D6A-9D93-2485E0FDFE2F}.Debug|iPhone.Build.0 = Debug|iPhone
		{F332B724-FC43-4D6A-9D93-2485E0FDFE2F}.Debug|iPhoneSimulator.ActiveCfg = Debug|iPhoneSimulator
		{F332B724-FC43-4D6A-9D93-2485E0FDFE2F}.Debug|iPhoneSimulator.Build.0 = Debug|iPhoneSimulator
		{F332B724-FC43-4D6A-9D93-2485E0FDFE2F}.Debug|x64.ActiveCfg = Debug|iPhone
		{F332B724-FC43-4D6A-9D93-2485E0FDFE2F}.Debug|x86.ActiveCfg = Debug|iPhone
		{F332B724-FC43-4D6A-9D93-2485E0FDFE2F}.Release|Any CPU.ActiveCfg = Release|iPhone
		{F332B724-FC43-4D6A-9D93-2485E0FDFE2F}.Release|ARM.ActiveCfg = Release|iPhone
		{F332B724-FC43-4D6A-9D93-2485E0FDFE2F}.Release|iPhone.ActiveCfg = Release|iPhone
		{F332B724-FC43-4D6A-9D93-2485E0FDFE2F}.Release|iPhone.Build.0 = Release|iPhone
		{F332B724-FC43-4D6A-9D93-2485E0FDFE2F}.Release|iPhoneSimulator.ActiveCfg = Release|iPhoneSimulator
		{F332B724-FC43-4D6A-9D93-2485E0FDFE2F}.Release|iPhoneSimulator.Build.0 = Release|iPhoneSimulator
		{F332B724-FC43-4D6A-9D93-2485E0FDFE2F}.Release|x64.ActiveCfg = Release|iPhone
		{F332B724-FC43-4D6A-9D93-2485E0FDFE2F}.Release|x86.ActiveCfg = Release|iPhone
	EndGlobalSection
	GlobalSection(SolutionProperties) = preSolution
		HideSolutionNode = FALSE
	EndGlobalSection
	GlobalSection(ExtensibilityGlobals) = postSolution
		SolutionGuid = {5BA9DA0A-D9BA-4AA9-94C9-C9E8C9B5392B}
	EndGlobalSection
EndGlobal
